
Microsoft Visual Studio Solution File, Format Version 12.00
# Visual Studio 15
Project("{FAE04EC0-301F-11D3-BF4B-00C04F79EFBC}") = "UnityEngine.TestRunner", "UnityEngine.TestRunner.csproj", "{B690DD25-7ED3-48F6-FEF6-5DB3F6D0CB43}"
EndProject
Project("{FAE04EC0-301F-11D3-BF4B-00C04F79EFBC}") = "Unity.Timeline", "Unity.Timeline.csproj", "{C1A5A6F4-5775-464F-FE66-D073DF6EAD4E}"
EndProject
Project("{FAE04EC0-301F-11D3-BF4B-00C04F79EFBC}") = "UnityEngine.UI", "UnityEngine.UI.csproj", "{CDFC625A-890B-FAAD-1F6C-8C60D3ACB7D9}"
EndProject
Project("{FAE04EC0-301F-11D3-BF4B-00C04F79EFBC}") = "Unity.TextMeshPro", "Unity.TextMeshPro.csproj", "{76443F78-A88E-5E4A-2C30-C0731F792934}"
EndProject
Project("{FAE04EC0-301F-11D3-BF4B-00C04F79EFBC}") = "Assembly-CSharp", "Assembly-CSharp.csproj", "{185AFD5A-9FC2-9159-7692-4FD596DD4B74}"
EndProject
Project("{FAE04EC0-301F-11D3-BF4B-00C04F79EFBC}") = "UnityEditor.TestRunner", "UnityEditor.TestRunner.csproj", "{664AEFE6-708E-2155-0EBF-5FDB0545E758}"
EndProject
Project("{FAE04EC0-301F-11D3-BF4B-00C04F79EFBC}") = "Unity.PlasticSCM.Editor", "Unity.PlasticSCM.Editor.csproj", "{CACE92D1-C3B6-9A30-9696-D073077CB62A}"
EndProject
Project("{FAE04EC0-301F-11D3-BF4B-00C04F79EFBC}") = "UnityEditor.UI", "UnityEditor.UI.csproj", "{F219EF4D-7CC7-EBF0-EC18-2B94EADD7A72}"
EndProject
Project("{FAE04EC0-301F-11D3-BF4B-00C04F79EFBC}") = "Unity.Services.Core.Editor", "Unity.Services.Core.Editor.csproj", "{6B4EAE45-50AB-6727-B607-39C814C0E104}"
EndProject
Project("{FAE04EC0-301F-11D3-BF4B-00C04F79EFBC}") = "Unity.Timeline.Editor", "Unity.Timeline.Editor.csproj", "{C60D8103-C06F-378B-D586-2555BE55E32E}"
EndProject
Project("{FAE04EC0-301F-11D3-BF4B-00C04F79EFBC}") = "Unity.VisualStudio.Editor", "Unity.VisualStudio.Editor.csproj", "{72B13382-6463-EF8E-284F-85BCDEFFD39F}"
EndProject
Project("{FAE04EC0-301F-11D3-BF4B-00C04F79EFBC}") = "Unity.TextMeshPro.Editor", "Unity.TextMeshPro.Editor.csproj", "{4A3561CB-22C9-A0DD-F861-E0924DD72F51}"
EndProject
Project("{FAE04EC0-301F-11D3-BF4B-00C04F79EFBC}") = "Unity.CollabProxy.Editor", "Unity.CollabProxy.Editor.csproj", "{F3263D8C-D8CF-7018-7E36-AFAF52BF0A47}"
EndProject
Project("{FAE04EC0-301F-11D3-BF4B-00C04F79EFBC}") = "Unity.Rider.Editor", "Unity.Rider.Editor.csproj", "{7D32B1E9-C9E2-D5B0-05BD-E5D501496EE8}"
EndProject
Project("{FAE04EC0-301F-11D3-BF4B-00C04F79EFBC}") = "Unity.VSCode.Editor", "Unity.VSCode.Editor.csproj", "{26EC6B6B-CE43-DF8A-F2D3-E432AF0CD467}"
EndProject
Project("{FAE04EC0-301F-11D3-BF4B-00C04F79EFBC}") = "UnityEngine.TestRunner", "UnityEngine.TestRunner.Player.csproj", "{41D66494-84AD-346F-A59D-1BF0156D5172}"
EndProject
Project("{FAE04EC0-301F-11D3-BF4B-00C04F79EFBC}") = "Unity.Timeline", "Unity.Timeline.Player.csproj", "{3A01F254-3D8A-B1F3-0B80-9CC6142E70D2}"
EndProject
Project("{FAE04EC0-301F-11D3-BF4B-00C04F79EFBC}") = "UnityEngine.UI", "UnityEngine.UI.Player.csproj", "{3794DF7D-9A7F-FC01-107C-6CFCD2257ADD}"
EndProject
Project("{FAE04EC0-301F-11D3-BF4B-00C04F79EFBC}") = "Unity.TextMeshPro", "Unity.TextMeshPro.Player.csproj", "{0F991D86-A0ED-FE6D-020F-599715D909A7}"
EndProject
Project("{FAE04EC0-301F-11D3-BF4B-00C04F79EFBC}") = "Assembly-CSharp", "Assembly-CSharp.Player.csproj", "{A51F4628-5733-64D0-3B85-A45153F49109}"
EndProject
Global
	GlobalSection(SolutionConfigurationPlatforms) = preSolution
		Debug|Any CPU = Debug|Any CPU
		Release|Any CPU = Release|Any CPU
	EndGlobalSection
	GlobalSection(ProjectConfigurationPlatforms) = postSolution
		{B690DD25-7ED3-48F6-FEF6-5DB3F6D0CB43}.Debug|Any CPU.ActiveCfg = Debug|Any CPU
		{B690DD25-7ED3-48F6-FEF6-5DB3F6D0CB43}.Debug|Any CPU.Build.0 = Debug|Any CPU
		{B690DD25-7ED3-48F6-FEF6-5DB3F6D0CB43}.Release|Any CPU.ActiveCfg = Release|Any CPU
		{B690DD25-7ED3-48F6-FEF6-5DB3F6D0CB43}.Release|Any CPU.Build.0 = Release|Any CPU
		{C1A5A6F4-5775-464F-FE66-D073DF6EAD4E}.Debug|Any CPU.ActiveCfg = Debug|Any CPU
		{C1A5A6F4-5775-464F-FE66-D073DF6EAD4E}.Debug|Any CPU.Build.0 = Debug|Any CPU
		{C1A5A6F4-5775-464F-FE66-D073DF6EAD4E}.Release|Any CPU.ActiveCfg = Release|Any CPU
		{C1A5A6F4-5775-464F-FE66-D073DF6EAD4E}.Release|Any CPU.Build.0 = Release|Any CPU
		{CDFC625A-890B-FAAD-1F6C-8C60D3ACB7D9}.Debug|Any CPU.ActiveCfg = Debug|Any CPU
		{CDFC625A-890B-FAAD-1F6C-8C60D3ACB7D9}.Debug|Any CPU.Build.0 = Debug|Any CPU
		{CDFC625A-890B-FAAD-1F6C-8C60D3ACB7D9}.Release|Any CPU.ActiveCfg = Release|Any CPU
		{CDFC625A-890B-FAAD-1F6C-8C60D3ACB7D9}.Release|Any CPU.Build.0 = Release|Any CPU
		{76443F78-A88E-5E4A-2C30-C0731F792934}.Debug|Any CPU.ActiveCfg = Debug|Any CPU
		{76443F78-A88E-5E4A-2C30-C0731F792934}.Debug|Any CPU.Build.0 = Debug|Any CPU
		{76443F78-A88E-5E4A-2C30-C0731F792934}.Release|Any CPU.ActiveCfg = Release|Any CPU
		{76443F78-A88E-5E4A-2C30-C0731F792934}.Release|Any CPU.Build.0 = Release|Any CPU
		{185AFD5A-9FC2-9159-7692-4FD596DD4B74}.Debug|Any CPU.ActiveCfg = Debug|Any CPU
		{185AFD5A-9FC2-9159-7692-4FD596DD4B74}.Debug|Any CPU.Build.0 = Debug|Any CPU
		{185AFD5A-9FC2-9159-7692-4FD596DD4B74}.Release|Any CPU.ActiveCfg = Release|Any CPU
		{185AFD5A-9FC2-9159-7692-4FD596DD4B74}.Release|Any CPU.Build.0 = Release|Any CPU
		{664AEFE6-708E-2155-0EBF-5FDB0545E758}.Debug|Any CPU.ActiveCfg = Debug|Any CPU
		{664AEFE6-708E-2155-0EBF-5FDB0545E758}.Debug|Any CPU.Build.0 = Debug|Any CPU
		{664AEFE6-708E-2155-0EBF-5FDB0545E758}.Release|Any CPU.ActiveCfg = Release|Any CPU
		{664AEFE6-708E-2155-0EBF-5FDB0545E758}.Release|Any CPU.Build.0 = Release|Any CPU
		{CACE92D1-C3B6-9A30-9696-D073077CB62A}.Debug|Any CPU.ActiveCfg = Debug|Any CPU
		{CACE92D1-C3B6-9A30-9696-D073077CB62A}.Debug|Any CPU.Build.0 = Debug|Any CPU
		{CACE92D1-C3B6-9A30-9696-D073077CB62A}.Release|Any CPU.ActiveCfg = Release|Any CPU
		{CACE92D1-C3B6-9A30-9696-D073077CB62A}.Release|Any CPU.Build.0 = Release|Any CPU
		{F219EF4D-7CC7-EBF0-EC18-2B94EADD7A72}.Debug|Any CPU.ActiveCfg = Debug|Any CPU
		{F219EF4D-7CC7-EBF0-EC18-2B94EADD7A72}.Debug|Any CPU.Build.0 = Debug|Any CPU
		{F219EF4D-7CC7-EBF0-EC18-2B94EADD7A72}.Release|Any CPU.ActiveCfg = Release|Any CPU
		{F219EF4D-7CC7-EBF0-EC18-2B94EADD7A72}.Release|Any CPU.Build.0 = Release|Any CPU
		{6B4EAE45-50AB-6727-B607-39C814C0E104}.Debug|Any CPU.ActiveCfg = Debug|Any CPU
		{6B4EAE45-50AB-6727-B607-39C814C0E104}.Debug|Any CPU.Build.0 = Debug|Any CPU
		{6B4EAE45-50AB-6727-B607-39C814C0E104}.Release|Any CPU.ActiveCfg = Release|Any CPU
		{6B4EAE45-50AB-6727-B607-39C814C0E104}.Release|Any CPU.Build.0 = Release|Any CPU
		{C60D8103-C06F-378B-D586-2555BE55E32E}.Debug|Any CPU.ActiveCfg = Debug|Any CPU
		{C60D8103-C06F-378B-D586-2555BE55E32E}.Debug|Any CPU.Build.0 = Debug|Any CPU
		{C60D8103-C06F-378B-D586-2555BE55E32E}.Release|Any CPU.ActiveCfg = Release|Any CPU
		{C60D8103-C06F-378B-D586-2555BE55E32E}.Release|Any CPU.Build.0 = Release|Any CPU
		{72B13382-6463-EF8E-284F-85BCDEFFD39F}.Debug|Any CPU.ActiveCfg = Debug|Any CPU
		{72B13382-6463-EF8E-284F-85BCDEFFD39F}.Debug|Any CPU.Build.0 = Debug|Any CPU
		{72B13382-6463-EF8E-284F-85BCDEFFD39F}.Release|Any CPU.ActiveCfg = Release|Any CPU
		{72B13382-6463-EF8E-284F-85BCDEFFD39F}.Release|Any CPU.Build.0 = Release|Any CPU
		{4A3561CB-22C9-A0DD-F861-E0924DD72F51}.Debug|Any CPU.ActiveCfg = Debug|Any CPU
		{4A3561CB-22C9-A0DD-F861-E0924DD72F51}.Debug|Any CPU.Build.0 = Debug|Any CPU
		{4A3561CB-22C9-A0DD-F861-E0924DD72F51}.Release|Any CPU.ActiveCfg = Release|Any CPU
		{4A3561CB-22C9-A0DD-F861-E0924DD72F51}.Release|Any CPU.Build.0 = Release|Any CPU
		{F3263D8C-D8CF-7018-7E36-AFAF52BF0A47}.Debug|Any CPU.ActiveCfg = Debug|Any CPU
		{F3263D8C-D8CF-7018-7E36-AFAF52BF0A47}.Debug|Any CPU.Build.0 = Debug|Any CPU
		{F3263D8C-D8CF-7018-7E36-AFAF52BF0A47}.Release|Any CPU.ActiveCfg = Release|Any CPU
		{F3263D8C-D8CF-7018-7E36-AFAF52BF0A47}.Release|Any CPU.Build.0 = Release|Any CPU
		{7D32B1E9-C9E2-D5B0-05BD-E5D501496EE8}.Debug|Any CPU.ActiveCfg = Debug|Any CPU
		{7D32B1E9-C9E2-D5B0-05BD-E5D501496EE8}.Debug|Any CPU.Build.0 = Debug|Any CPU
		{7D32B1E9-C9E2-D5B0-05BD-E5D501496EE8}.Release|Any CPU.ActiveCfg = Release|Any CPU
		{7D32B1E9-C9E2-D5B0-05BD-E5D501496EE8}.Release|Any CPU.Build.0 = Release|Any CPU
		{26EC6B6B-CE43-DF8A-F2D3-E432AF0CD467}.Debug|Any CPU.ActiveCfg = Debug|Any CPU
		{26EC6B6B-CE43-DF8A-F2D3-E432AF0CD467}.Debug|Any CPU.Build.0 = Debug|Any CPU
		{26EC6B6B-CE43-DF8A-F2D3-E432AF0CD467}.Release|Any CPU.ActiveCfg = Release|Any CPU
		{26EC6B6B-CE43-DF8A-F2D3-E432AF0CD467}.Release|Any CPU.Build.0 = Release|Any CPU
		{41D66494-84AD-346F-A59D-1BF0156D5172}.Debug|Any CPU.ActiveCfg = Debug|Any CPU
		{41D66494-84AD-346F-A59D-1BF0156D5172}.Debug|Any CPU.Build.0 = Debug|Any CPU
		{41D66494-84AD-346F-A59D-1BF0156D5172}.Release|Any CPU.ActiveCfg = Release|Any CPU
		{41D66494-84AD-346F-A59D-1BF0156D5172}.Release|Any CPU.Build.0 = Release|Any CPU
		{3A01F254-3D8A-B1F3-0B80-9CC6142E70D2}.Debug|Any CPU.ActiveCfg = Debug|Any CPU
		{3A01F254-3D8A-B1F3-0B80-9CC6142E70D2}.Debug|Any CPU.Build.0 = Debug|Any CPU
		{3A01F254-3D8A-B1F3-0B80-9CC6142E70D2}.Release|Any CPU.ActiveCfg = Release|Any CPU
		{3A01F254-3D8A-B1F3-0B80-9CC6142E70D2}.Release|Any CPU.Build.0 = Release|Any CPU
		{3794DF7D-9A7F-FC01-107C-6CFCD2257ADD}.Debug|Any CPU.ActiveCfg = Debug|Any CPU
		{3794DF7D-9A7F-FC01-107C-6CFCD2257ADD}.Debug|Any CPU.Build.0 = Debug|Any CPU
		{3794DF7D-9A7F-FC01-107C-6CFCD2257ADD}.Release|Any CPU.ActiveCfg = Release|Any CPU
		{3794DF7D-9A7F-FC01-107C-6CFCD2257ADD}.Release|Any CPU.Build.0 = Release|Any CPU
		{0F991D86-A0ED-FE6D-020F-599715D909A7}.Debug|Any CPU.ActiveCfg = Debug|Any CPU
		{0F991D86-A0ED-FE6D-020F-599715D909A7}.Debug|Any CPU.Build.0 = Debug|Any CPU
		{0F991D86-A0ED-FE6D-020F-599715D909A7}.Release|Any CPU.ActiveCfg = Release|Any CPU
		{0F991D86-A0ED-FE6D-020F-599715D909A7}.Release|Any CPU.Build.0 = Release|Any CPU
		{A51F4628-5733-64D0-3B85-A45153F49109}.Debug|Any CPU.ActiveCfg = Debug|Any CPU
		{A51F4628-5733-64D0-3B85-A45153F49109}.Debug|Any CPU.Build.0 = Debug|Any CPU
		{A51F4628-5733-64D0-3B85-A45153F49109}.Release|Any CPU.ActiveCfg = Release|Any CPU
		{A51F4628-5733-64D0-3B85-A45153F49109}.Release|Any CPU.Build.0 = Release|Any CPU
	EndGlobalSection
	GlobalSection(SolutionProperties) = preSolution
		HideSolutionNode = FALSE
	EndGlobalSection
EndGlobal
